
Microsoft Visual Studio Solution File, Format Version 12.00
# Visual Studio Version 16
VisualStudioVersion = 16.0.31702.278
MinimumVisualStudioVersion = 10.0.40219.1
Project("{9A19103F-16F7-4668-BE54-9A1E7A4F7556}") = "Timesheet.Api", "Timesheet.Api\Timesheet.Api.csproj", "{339C6DD2-B138-4B5C-AE19-91192DBEF690}"
EndProject
Project("{9A19103F-16F7-4668-BE54-9A1E7A4F7556}") = "Timesheet.Tests", "Timesheet.Tests\Timesheet.Tests.csproj", "{AC69A856-5EE9-4C2A-BE37-9F9E975677AD}"
EndProject
Project("{9A19103F-16F7-4668-BE54-9A1E7A4F7556}") = "Timesheet.Domain", "Timesheet.Domain\Timesheet.Domain.csproj", "{18C9E77C-4DC0-4BD1-AF59-982BBE093F41}"
EndProject
Project("{9A19103F-16F7-4668-BE54-9A1E7A4F7556}") = "Timesheet.BussinessLogic", "Timesheet.Application\Timesheet.BussinessLogic.csproj", "{7B817366-D269-45E7-9E27-8E42765CCF86}"
EndProject
Project("{9A19103F-16F7-4668-BE54-9A1E7A4F7556}") = "Timesheet.DataAccess.CSV", "Timesheet.DataAccess.CSV\Timesheet.DataAccess.CSV.csproj", "{DBEB58DE-739A-4141-887C-464C1F618AAE}"
EndProject
Project("{9A19103F-16F7-4668-BE54-9A1E7A4F7556}") = "GitHubTests", "GitHubTests\GitHubTests.csproj", "{B7245FB8-EF0D-46FD-AB9A-6BF42EE72E50}"
EndProject
Project("{9A19103F-16F7-4668-BE54-9A1E7A4F7556}") = "Timesheet.Integrations.GitHub", "Timesheet.Integrations.GitHub\Timesheet.Integrations.GitHub.csproj", "{BC6A7123-7325-46B3-96DB-6F3A240A2185}"
EndProject
Project("{9A19103F-16F7-4668-BE54-9A1E7A4F7556}") = "Timesheet.DataAccess.MSSQL", "Timesheet.DataAccess.MSSQL\Timesheet.DataAccess.MSSQL.csproj", "{EFD6E603-2AA1-49C9-99EA-BE574C01798E}"
EndProject
Project("{FAE04EC0-301F-11D3-BF4B-00C04F79EFBC}") = "Timesheet.DataAccess.MSSQL.Tests", "Timesheet.DataAccess.MSSQL.Tests\Timesheet.DataAccess.MSSQL.Tests.csproj", "{ABB13FFD-742D-4B48-9514-6902453E345A}"
EndProject
Global
	GlobalSection(SolutionConfigurationPlatforms) = preSolution
		Debug|Any CPU = Debug|Any CPU
		Release|Any CPU = Release|Any CPU
	EndGlobalSection
	GlobalSection(ProjectConfigurationPlatforms) = postSolution
		{339C6DD2-B138-4B5C-AE19-91192DBEF690}.Debug|Any CPU.ActiveCfg = Debug|Any CPU
		{339C6DD2-B138-4B5C-AE19-91192DBEF690}.Debug|Any CPU.Build.0 = Debug|Any CPU
		{339C6DD2-B138-4B5C-AE19-91192DBEF690}.Release|Any CPU.ActiveCfg = Release|Any CPU
		{339C6DD2-B138-4B5C-AE19-91192DBEF690}.Release|Any CPU.Build.0 = Release|Any CPU
		{AC69A856-5EE9-4C2A-BE37-9F9E975677AD}.Debug|Any CPU.ActiveCfg = Debug|Any CPU
		{AC69A856-5EE9-4C2A-BE37-9F9E975677AD}.Debug|Any CPU.Build.0 = Debug|Any CPU
		{AC69A856-5EE9-4C2A-BE37-9F9E975677AD}.Release|Any CPU.ActiveCfg = Release|Any CPU
		{AC69A856-5EE9-4C2A-BE37-9F9E975677AD}.Release|Any CPU.Build.0 = Release|Any CPU
		{18C9E77C-4DC0-4BD1-AF59-982BBE093F41}.Debug|Any CPU.ActiveCfg = Debug|Any CPU
		{18C9E77C-4DC0-4BD1-AF59-982BBE093F41}.Debug|Any CPU.Build.0 = Debug|Any CPU
		{18C9E77C-4DC0-4BD1-AF59-982BBE093F41}.Release|Any CPU.ActiveCfg = Release|Any CPU
		{18C9E77C-4DC0-4BD1-AF59-982BBE093F41}.Release|Any CPU.Build.0 = Release|Any CPU
		{7B817366-D269-45E7-9E27-8E42765CCF86}.Debug|Any CPU.ActiveCfg = Debug|Any CPU
		{7B817366-D269-45E7-9E27-8E42765CCF86}.Debug|Any CPU.Build.0 = Debug|Any CPU
		{7B817366-D269-45E7-9E27-8E42765CCF86}.Release|Any CPU.ActiveCfg = Release|Any CPU
		{7B817366-D269-45E7-9E27-8E42765CCF86}.Release|Any CPU.Build.0 = Release|Any CPU
		{DBEB58DE-739A-4141-887C-464C1F618AAE}.Debug|Any CPU.ActiveCfg = Debug|Any CPU
		{DBEB58DE-739A-4141-887C-464C1F618AAE}.Debug|Any CPU.Build.0 = Debug|Any CPU
		{DBEB58DE-739A-4141-887C-464C1F618AAE}.Release|Any CPU.ActiveCfg = Release|Any CPU
		{DBEB58DE-739A-4141-887C-464C1F618AAE}.Release|Any CPU.Build.0 = Release|Any CPU
		{B7245FB8-EF0D-46FD-AB9A-6BF42EE72E50}.Debug|Any CPU.ActiveCfg = Debug|Any CPU
		{B7245FB8-EF0D-46FD-AB9A-6BF42EE72E50}.Debug|Any CPU.Build.0 = Debug|Any CPU
		{B7245FB8-EF0D-46FD-AB9A-6BF42EE72E50}.Release|Any CPU.ActiveCfg = Release|Any CPU
		{B7245FB8-EF0D-46FD-AB9A-6BF42EE72E50}.Release|Any CPU.Build.0 = Release|Any CPU
		{BC6A7123-7325-46B3-96DB-6F3A240A2185}.Debug|Any CPU.ActiveCfg = Debug|Any CPU
		{BC6A7123-7325-46B3-96DB-6F3A240A2185}.Debug|Any CPU.Build.0 = Debug|Any CPU
		{BC6A7123-7325-46B3-96DB-6F3A240A2185}.Release|Any CPU.ActiveCfg = Release|Any CPU
		{BC6A7123-7325-46B3-96DB-6F3A240A2185}.Release|Any CPU.Build.0 = Release|Any CPU
		{EFD6E603-2AA1-49C9-99EA-BE574C01798E}.Debug|Any CPU.ActiveCfg = Debug|Any CPU
		{EFD6E603-2AA1-49C9-99EA-BE574C01798E}.Debug|Any CPU.Build.0 = Debug|Any CPU
		{EFD6E603-2AA1-49C9-99EA-BE574C01798E}.Release|Any CPU.ActiveCfg = Release|Any CPU
		{EFD6E603-2AA1-49C9-99EA-BE574C01798E}.Release|Any CPU.Build.0 = Release|Any CPU
		{ABB13FFD-742D-4B48-9514-6902453E345A}.Debug|Any CPU.ActiveCfg = Debug|Any CPU
		{ABB13FFD-742D-4B48-9514-6902453E345A}.Debug|Any CPU.Build.0 = Debug|Any CPU
		{ABB13FFD-742D-4B48-9514-6902453E345A}.Release|Any CPU.ActiveCfg = Release|Any CPU
		{ABB13FFD-742D-4B48-9514-6902453E345A}.Release|Any CPU.Build.0 = Release|Any CPU
	EndGlobalSection
	GlobalSection(SolutionProperties) = preSolution
		HideSolutionNode = FALSE
	EndGlobalSection
	GlobalSection(ExtensibilityGlobals) = postSolution
		SolutionGuid = {49CF273D-B1C6-4DC6-9379-5582E6A48FE7}
	EndGlobalSection
EndGlobal
